
Microsoft Visual Studio Solution File, Format Version 12.00
# Visual Studio 15
VisualStudioVersion = 15.0.28010.2026
MinimumVisualStudioVersion = 10.0.40219.1
Project("{FAE04EC0-301F-11D3-BF4B-00C04F79EFBC}") = "CA1", "CA1\CA1.csproj", "{83F5754B-9424-48BB-849E-CC19F3E708C1}"
EndProject
Project("{FAE04EC0-301F-11D3-BF4B-00C04F79EFBC}") = "MemberTest", "MemberTest\MemberTest.csproj", "{3BDE8290-BDD9-49CC-9942-A2324CFB9475}"
EndProject
Global
	GlobalSection(SolutionConfigurationPlatforms) = preSolution
		Debug|Any CPU = Debug|Any CPU
		Release|Any CPU = Release|Any CPU
	EndGlobalSection
	GlobalSection(ProjectConfigurationPlatforms) = postSolution
		{83F5754B-9424-48BB-849E-CC19F3E708C1}.Debug|Any CPU.ActiveCfg = Debug|Any CPU
		{83F5754B-9424-48BB-849E-CC19F3E708C1}.Debug|Any CPU.Build.0 = Debug|Any CPU
		{83F5754B-9424-48BB-849E-CC19F3E708C1}.Release|Any CPU.ActiveCfg = Release|Any CPU
		{83F5754B-9424-48BB-849E-CC19F3E708C1}.Release|Any CPU.Build.0 = Release|Any CPU
		{3BDE8290-BDD9-49CC-9942-A2324CFB9475}.Debug|Any CPU.ActiveCfg = Debug|Any CPU
		{3BDE8290-BDD9-49CC-9942-A2324CFB9475}.Debug|Any CPU.Build.0 = Debug|Any CPU
		{3BDE8290-BDD9-49CC-9942-A2324CFB9475}.Release|Any CPU.ActiveCfg = Release|Any CPU
		{3BDE8290-BDD9-49CC-9942-A2324CFB9475}.Release|Any CPU.Build.0 = Release|Any CPU
	EndGlobalSection
	GlobalSection(SolutionProperties) = preSolution
		HideSolutionNode = FALSE
	EndGlobalSection
	GlobalSection(ExtensibilityGlobals) = postSolution
		SolutionGuid = {30655AE4-FBB1-4D42-8659-9F14644AFF1A}
	EndGlobalSection
EndGlobal
